
Microsoft Visual Studio Solution File, Format Version 12.00
# Visual Studio Version 16
VisualStudioVersion = 16.0.31702.278
MinimumVisualStudioVersion = 10.0.40219.1
Project("{2150E333-8FDC-42A3-9474-1A3956D46DE8}") = "Solution Items", "Solution Items", "{15002617-B2B7-4B78-B4F6-4AE017967042}"
	ProjectSection(FolderStartupServices) = postProject
		{C0C07587-41A7-46C8-8FBD-3F9C8EBE2DDC} = {C0C07587-41A7-46C8-8FBD-3F9C8EBE2DDC}
	EndProjectSection
EndProject
Project("{FAE04EC0-301F-11D3-BF4B-00C04F79EFBC}") = "FEPAM.DAL", "FEPAM.DAL\FEPAM.DAL.csproj", "{B3DFFF87-3B74-4A37-8E4D-60D6D3FC4DBE}"
EndProject
Project("{FAE04EC0-301F-11D3-BF4B-00C04F79EFBC}") = "WS_PROCERGS", "WS_PROCERGS\WS_PROCERGS.csproj", "{017F2E95-402C-42D1-8060-3661E9925C9A}"
EndProject
Project("{FAE04EC0-301F-11D3-BF4B-00C04F79EFBC}") = "ConsoleApplication1", "ConsoleApplication1\ConsoleApplication1.csproj", "{475FC174-F76F-4D31-BC33-9F4E8EA3496B}"
EndProject
Project("{FAE04EC0-301F-11D3-BF4B-00C04F79EFBC}") = "Ws_Lac", "Ws_Lac\Ws_Lac.csproj", "{08FD5716-8C2D-4EEB-A3BF-2F092C6AB845}"
EndProject
Global
	GlobalSection(SolutionConfigurationPlatforms) = preSolution
		Debug|.NET = Debug|.NET
		Debug|Any CPU = Debug|Any CPU
		Debug|Mixed Platforms = Debug|Mixed Platforms
		Release|.NET = Release|.NET
		Release|Any CPU = Release|Any CPU
		Release|Mixed Platforms = Release|Mixed Platforms
	EndGlobalSection
	GlobalSection(ProjectConfigurationPlatforms) = postSolution
		{B3DFFF87-3B74-4A37-8E4D-60D6D3FC4DBE}.Debug|.NET.ActiveCfg = Debug|Any CPU
		{B3DFFF87-3B74-4A37-8E4D-60D6D3FC4DBE}.Debug|Any CPU.ActiveCfg = Debug|Any CPU
		{B3DFFF87-3B74-4A37-8E4D-60D6D3FC4DBE}.Debug|Any CPU.Build.0 = Debug|Any CPU
		{B3DFFF87-3B74-4A37-8E4D-60D6D3FC4DBE}.Debug|Mixed Platforms.ActiveCfg = Debug|Any CPU
		{B3DFFF87-3B74-4A37-8E4D-60D6D3FC4DBE}.Release|.NET.ActiveCfg = Release|Any CPU
		{B3DFFF87-3B74-4A37-8E4D-60D6D3FC4DBE}.Release|Any CPU.ActiveCfg = Release|Any CPU
		{B3DFFF87-3B74-4A37-8E4D-60D6D3FC4DBE}.Release|Any CPU.Build.0 = Release|Any CPU
		{B3DFFF87-3B74-4A37-8E4D-60D6D3FC4DBE}.Release|Mixed Platforms.ActiveCfg = Release|Any CPU
		{B3DFFF87-3B74-4A37-8E4D-60D6D3FC4DBE}.Release|Mixed Platforms.Build.0 = Release|Any CPU
		{017F2E95-402C-42D1-8060-3661E9925C9A}.Debug|.NET.ActiveCfg = Debug|Any CPU
		{017F2E95-402C-42D1-8060-3661E9925C9A}.Debug|Any CPU.ActiveCfg = Debug|Any CPU
		{017F2E95-402C-42D1-8060-3661E9925C9A}.Debug|Any CPU.Build.0 = Debug|Any CPU
		{017F2E95-402C-42D1-8060-3661E9925C9A}.Debug|Mixed Platforms.ActiveCfg = Debug|Any CPU
		{017F2E95-402C-42D1-8060-3661E9925C9A}.Debug|Mixed Platforms.Build.0 = Debug|Any CPU
		{017F2E95-402C-42D1-8060-3661E9925C9A}.Release|.NET.ActiveCfg = Release|Any CPU
		{017F2E95-402C-42D1-8060-3661E9925C9A}.Release|Any CPU.ActiveCfg = Release|Any CPU
		{017F2E95-402C-42D1-8060-3661E9925C9A}.Release|Any CPU.Build.0 = Release|Any CPU
		{017F2E95-402C-42D1-8060-3661E9925C9A}.Release|Mixed Platforms.ActiveCfg = Release|Any CPU
		{017F2E95-402C-42D1-8060-3661E9925C9A}.Release|Mixed Platforms.Build.0 = Release|Any CPU
		{475FC174-F76F-4D31-BC33-9F4E8EA3496B}.Debug|.NET.ActiveCfg = Debug|Any CPU
		{475FC174-F76F-4D31-BC33-9F4E8EA3496B}.Debug|Any CPU.ActiveCfg = Debug|Any CPU
		{475FC174-F76F-4D31-BC33-9F4E8EA3496B}.Debug|Any CPU.Build.0 = Debug|Any CPU
		{475FC174-F76F-4D31-BC33-9F4E8EA3496B}.Debug|Mixed Platforms.ActiveCfg = Debug|Any CPU
		{475FC174-F76F-4D31-BC33-9F4E8EA3496B}.Debug|Mixed Platforms.Build.0 = Debug|Any CPU
		{475FC174-F76F-4D31-BC33-9F4E8EA3496B}.Release|.NET.ActiveCfg = Release|Any CPU
		{475FC174-F76F-4D31-BC33-9F4E8EA3496B}.Release|Any CPU.ActiveCfg = Release|Any CPU
		{475FC174-F76F-4D31-BC33-9F4E8EA3496B}.Release|Any CPU.Build.0 = Release|Any CPU
		{475FC174-F76F-4D31-BC33-9F4E8EA3496B}.Release|Mixed Platforms.ActiveCfg = Release|Any CPU
		{475FC174-F76F-4D31-BC33-9F4E8EA3496B}.Release|Mixed Platforms.Build.0 = Release|Any CPU
		{08FD5716-8C2D-4EEB-A3BF-2F092C6AB845}.Debug|.NET.ActiveCfg = Debug|Any CPU
		{08FD5716-8C2D-4EEB-A3BF-2F092C6AB845}.Debug|.NET.Build.0 = Debug|Any CPU
		{08FD5716-8C2D-4EEB-A3BF-2F092C6AB845}.Debug|Any CPU.ActiveCfg = Debug|Any CPU
		{08FD5716-8C2D-4EEB-A3BF-2F092C6AB845}.Debug|Any CPU.Build.0 = Debug|Any CPU
		{08FD5716-8C2D-4EEB-A3BF-2F092C6AB845}.Debug|Mixed Platforms.ActiveCfg = Debug|Any CPU
		{08FD5716-8C2D-4EEB-A3BF-2F092C6AB845}.Debug|Mixed Platforms.Build.0 = Debug|Any CPU
		{08FD5716-8C2D-4EEB-A3BF-2F092C6AB845}.Release|.NET.ActiveCfg = Release|Any CPU
		{08FD5716-8C2D-4EEB-A3BF-2F092C6AB845}.Release|.NET.Build.0 = Release|Any CPU
		{08FD5716-8C2D-4EEB-A3BF-2F092C6AB845}.Release|Any CPU.ActiveCfg = Release|Any CPU
		{08FD5716-8C2D-4EEB-A3BF-2F092C6AB845}.Release|Any CPU.Build.0 = Release|Any CPU
		{08FD5716-8C2D-4EEB-A3BF-2F092C6AB845}.Release|Mixed Platforms.ActiveCfg = Release|Any CPU
		{08FD5716-8C2D-4EEB-A3BF-2F092C6AB845}.Release|Mixed Platforms.Build.0 = Release|Any CPU
	EndGlobalSection
	GlobalSection(SolutionProperties) = preSolution
		HideSolutionNode = FALSE
	EndGlobalSection
	GlobalSection(ExtensibilityGlobals) = postSolution
		SolutionGuid = {87088244-A0B0-471B-88E0-7F48019060EB}
	EndGlobalSection
	GlobalSection(SubversionScc) = preSolution
		Svn-Managed = True
		Manager = AnkhSVN - Subversion Support for Visual Studio
	EndGlobalSection
EndGlobal
